// !$*UTF8*$!
{
	archiveVersion = 1;
	classes = {
	};
	objectVersion = 46;
	objects = {

/* Begin PBXBuildFile section */
		232032561813581BC85534D2 /* libPods-HappyChengyu.a in Frameworks */ = {isa = PBXBuildFile; fileRef = 1D05E294BE556E10B24FEECB /* libPods-HappyChengyu.a */; };
		760D65721A5CC5BA00232953 /* ChengyuSelectViewController.m in Sources */ = {isa = PBXBuildFile; fileRef = 760D65711A5CC5BA00232953 /* ChengyuSelectViewController.m */; };
		760D65751A5CFC7E00232953 /* CharacterSelectViewController.m in Sources */ = {isa = PBXBuildFile; fileRef = 760D65741A5CFC7E00232953 /* CharacterSelectViewController.m */; };
		760D65781A5CFCE100232953 /* ChengyuDetailViewController.m in Sources */ = {isa = PBXBuildFile; fileRef = 760D65771A5CFCE100232953 /* ChengyuDetailViewController.m */; };
		760D65821A5D0A8A00232953 /* LetterSelectViewController.m in Sources */ = {isa = PBXBuildFile; fileRef = 760D65811A5D0A8A00232953 /* LetterSelectViewController.m */; };
		760D65881A5D0D7200232953 /* LetterCell.m in Sources */ = {isa = PBXBuildFile; fileRef = 760D65861A5D0D7200232953 /* LetterCell.m */; };
		760D658C1A5D23E800232953 /* CharacterCell.m in Sources */ = {isa = PBXBuildFile; fileRef = 760D658B1A5D23E800232953 /* CharacterCell.m */; };
		761B5FF21A5FB341003BDE01 /* SettingsViewController.m in Sources */ = {isa = PBXBuildFile; fileRef = 761B5FF11A5FB341003BDE01 /* SettingsViewController.m */; };
		762AAED71A5E1D1900EF6804 /* MainViewController.m in Sources */ = {isa = PBXBuildFile; fileRef = 762AAED61A5E1D1900EF6804 /* MainViewController.m */; };
		763D18E21A59479A00A3B3A5 /* Chengyu.m in Sources */ = {isa = PBXBuildFile; fileRef = 763D18E11A59479A00A3B3A5 /* Chengyu.m */; };
		763D18FF1A59926D00A3B3A5 /* chengyu.json in Resources */ = {isa = PBXBuildFile; fileRef = 763D18FE1A59926D00A3B3A5 /* chengyu.json */; };
		7658C3451A58D01D0062C946 /* main.m in Sources */ = {isa = PBXBuildFile; fileRef = 7658C3441A58D01D0062C946 /* main.m */; };
		7658C3481A58D01D0062C946 /* AppDelegate.m in Sources */ = {isa = PBXBuildFile; fileRef = 7658C3471A58D01D0062C946 /* AppDelegate.m */; };
		7658C34B1A58D01D0062C946 /* AnswerViewController.m in Sources */ = {isa = PBXBuildFile; fileRef = 7658C34A1A58D01D0062C946 /* AnswerViewController.m */; };
		7658C34E1A58D01D0062C946 /* Main.storyboard in Resources */ = {isa = PBXBuildFile; fileRef = 7658C34C1A58D01D0062C946 /* Main.storyboard */; };
		7658C3501A58D01D0062C946 /* Images.xcassets in Resources */ = {isa = PBXBuildFile; fileRef = 7658C34F1A58D01D0062C946 /* Images.xcassets */; };
		7658C3531A58D01D0062C946 /* LaunchScreen.xib in Resources */ = {isa = PBXBuildFile; fileRef = 7658C3511A58D01D0062C946 /* LaunchScreen.xib */; };
		7658C35F1A58D01D0062C946 /* HappyChengyuTests.m in Sources */ = {isa = PBXBuildFile; fileRef = 7658C35E1A58D01D0062C946 /* HappyChengyuTests.m */; };
		7658C3721A58F0380062C946 /* ChengyuHelper.m in Sources */ = {isa = PBXBuildFile; fileRef = 7658C3711A58F0380062C946 /* ChengyuHelper.m */; };
		766F4ED11A5A7E8B002FB3FF /* test.json in Resources */ = {isa = PBXBuildFile; fileRef = 766F4ED01A5A7E8B002FB3FF /* test.json */; };
		768189181A60048A008DD226 /* FavoritesHelper.m in Sources */ = {isa = PBXBuildFile; fileRef = 768189171A60048A008DD226 /* FavoritesHelper.m */; };
		76DBF6DF1A5E72D0009543E4 /* ResultViewController.m in Sources */ = {isa = PBXBuildFile; fileRef = 76DBF6DE1A5E72D0009543E4 /* ResultViewController.m */; };
		76DECBBB1A5ECB1000124AF4 /* FavoritesViewController.m in Sources */ = {isa = PBXBuildFile; fileRef = 76DECBBA1A5ECB1000124AF4 /* FavoritesViewController.m */; };
/* End PBXBuildFile section */

/* Begin PBXContainerItemProxy section */
		7658C3591A58D01D0062C946 /* PBXContainerItemProxy */ = {
			isa = PBXContainerItemProxy;
			containerPortal = 7658C3371A58D01D0062C946 /* Project object */;
			proxyType = 1;
			remoteGlobalIDString = 7658C33E1A58D01D0062C946;
			remoteInfo = HappyChengyu;
		};
/* End PBXContainerItemProxy section */

/* Begin PBXFileReference section */
		1D05E294BE556E10B24FEECB /* libPods-HappyChengyu.a */ = {isa = PBXFileReference; explicitFileType = archive.ar; includeInIndex = 0; path = "libPods-HappyChengyu.a"; sourceTree = BUILT_PRODUCTS_DIR; };
		313EA5ED9F43FAE07D308963 /* Pods-HappyChengyu.release.xcconfig */ = {isa = PBXFileReference; includeInIndex = 1; lastKnownFileType = text.xcconfig; name = "Pods-HappyChengyu.release.xcconfig"; path = "Pods/Target Support Files/Pods-HappyChengyu/Pods-HappyChengyu.release.xcconfig"; sourceTree = "<group>"; };
		760D65701A5CC5BA00232953 /* ChengyuSelectViewController.h */ = {isa = PBXFileReference; fileEncoding = 4; lastKnownFileType = sourcecode.c.h; path = ChengyuSelectViewController.h; sourceTree = "<group>"; };
		760D65711A5CC5BA00232953 /* ChengyuSelectViewController.m */ = {isa = PBXFileReference; fileEncoding = 4; lastKnownFileType = sourcecode.c.objc; path = ChengyuSelectViewController.m; sourceTree = "<group>"; };
		760D65731A5CFC7E00232953 /* CharacterSelectViewController.h */ = {isa = PBXFileReference; fileEncoding = 4; lastKnownFileType = sourcecode.c.h; path = CharacterSelectViewController.h; sourceTree = "<group>"; };
		760D65741A5CFC7E00232953 /* CharacterSelectViewController.m */ = {isa = PBXFileReference; fileEncoding = 4; lastKnownFileType = sourcecode.c.objc; path = CharacterSelectViewController.m; sourceTree = "<group>"; };
		760D65761A5CFCE100232953 /* ChengyuDetailViewController.h */ = {isa = PBXFileReference; fileEncoding = 4; lastKnownFileType = sourcecode.c.h; path = ChengyuDetailViewController.h; sourceTree = "<group>"; };
		760D65771A5CFCE100232953 /* ChengyuDetailViewController.m */ = {isa = PBXFileReference; fileEncoding = 4; lastKnownFileType = sourcecode.c.objc; path = ChengyuDetailViewController.m; sourceTree = "<group>"; };
		760D65801A5D0A8A00232953 /* LetterSelectViewController.h */ = {isa = PBXFileReference; fileEncoding = 4; lastKnownFileType = sourcecode.c.h; path = LetterSelectViewController.h; sourceTree = "<group>"; };
		760D65811A5D0A8A00232953 /* LetterSelectViewController.m */ = {isa = PBXFileReference; fileEncoding = 4; lastKnownFileType = sourcecode.c.objc; path = LetterSelectViewController.m; sourceTree = "<group>"; };
		760D65851A5D0D7200232953 /* LetterCell.h */ = {isa = PBXFileReference; fileEncoding = 4; lastKnownFileType = sourcecode.c.h; path = LetterCell.h; sourceTree = "<group>"; };
		760D65861A5D0D7200232953 /* LetterCell.m */ = {isa = PBXFileReference; fileEncoding = 4; lastKnownFileType = sourcecode.c.objc; path = LetterCell.m; sourceTree = "<group>"; };
		760D658A1A5D23E800232953 /* CharacterCell.h */ = {isa = PBXFileReference; fileEncoding = 4; lastKnownFileType = sourcecode.c.h; path = CharacterCell.h; sourceTree = "<group>"; };
		760D658B1A5D23E800232953 /* CharacterCell.m */ = {isa = PBXFileReference; fileEncoding = 4; lastKnownFileType = sourcecode.c.objc; path = CharacterCell.m; sourceTree = "<group>"; };
		761B5FF01A5FB341003BDE01 /* SettingsViewController.h */ = {isa = PBXFileReference; fileEncoding = 4; lastKnownFileType = sourcecode.c.h; path = SettingsViewController.h; sourceTree = "<group>"; };
		761B5FF11A5FB341003BDE01 /* SettingsViewController.m */ = {isa = PBXFileReference; fileEncoding = 4; lastKnownFileType = sourcecode.c.objc; path = SettingsViewController.m; sourceTree = "<group>"; };
		762AAED51A5E1D1900EF6804 /* MainViewController.h */ = {isa = PBXFileReference; fileEncoding = 4; lastKnownFileType = sourcecode.c.h; path = MainViewController.h; sourceTree = "<group>"; };
		762AAED61A5E1D1900EF6804 /* MainViewController.m */ = {isa = PBXFileReference; fileEncoding = 4; lastKnownFileType = sourcecode.c.objc; path = MainViewController.m; sourceTree = "<group>"; };
		763D18E01A59479A00A3B3A5 /* Chengyu.h */ = {isa = PBXFileReference; fileEncoding = 4; lastKnownFileType = sourcecode.c.h; name = Chengyu.h; path = HappyChengyu/Chengyu.h; sourceTree = "<group>"; };
		763D18E11A59479A00A3B3A5 /* Chengyu.m */ = {isa = PBXFileReference; fileEncoding = 4; lastKnownFileType = sourcecode.c.objc; name = Chengyu.m; path = HappyChengyu/Chengyu.m; sourceTree = "<group>"; };
		763D18FE1A59926D00A3B3A5 /* chengyu.json */ = {isa = PBXFileReference; fileEncoding = 4; lastKnownFileType = text.json; path = chengyu.json; sourceTree = "<group>"; };
		7658C33F1A58D01D0062C946 /* HappyChengyu.app */ = {isa = PBXFileReference; explicitFileType = wrapper.application; includeInIndex = 0; path = HappyChengyu.app; sourceTree = BUILT_PRODUCTS_DIR; };
		7658C3431A58D01D0062C946 /* Info.plist */ = {isa = PBXFileReference; lastKnownFileType = text.plist.xml; path = Info.plist; sourceTree = "<group>"; };
		7658C3441A58D01D0062C946 /* main.m */ = {isa = PBXFileReference; lastKnownFileType = sourcecode.c.objc; path = main.m; sourceTree = "<group>"; };
		7658C3461A58D01D0062C946 /* AppDelegate.h */ = {isa = PBXFileReference; lastKnownFileType = sourcecode.c.h; path = AppDelegate.h; sourceTree = "<group>"; };
		7658C3471A58D01D0062C946 /* AppDelegate.m */ = {isa = PBXFileReference; lastKnownFileType = sourcecode.c.objc; path = AppDelegate.m; sourceTree = "<group>"; };
		7658C3491A58D01D0062C946 /* AnswerViewController.h */ = {isa = PBXFileReference; lastKnownFileType = sourcecode.c.h; path = AnswerViewController.h; sourceTree = "<group>"; };
		7658C34A1A58D01D0062C946 /* AnswerViewController.m */ = {isa = PBXFileReference; lastKnownFileType = sourcecode.c.objc; path = AnswerViewController.m; sourceTree = "<group>"; };
		7658C34D1A58D01D0062C946 /* Base */ = {isa = PBXFileReference; lastKnownFileType = file.storyboard; name = Base; path = Base.lproj/Main.storyboard; sourceTree = "<group>"; };
		7658C34F1A58D01D0062C946 /* Images.xcassets */ = {isa = PBXFileReference; lastKnownFileType = folder.assetcatalog; path = Images.xcassets; sourceTree = "<group>"; };
		7658C3521A58D01D0062C946 /* Base */ = {isa = PBXFileReference; lastKnownFileType = file.xib; name = Base; path = Base.lproj/LaunchScreen.xib; sourceTree = "<group>"; };
		7658C3581A58D01D0062C946 /* HappyChengyuTests.xctest */ = {isa = PBXFileReference; explicitFileType = wrapper.cfbundle; includeInIndex = 0; path = HappyChengyuTests.xctest; sourceTree = BUILT_PRODUCTS_DIR; };
		7658C35D1A58D01D0062C946 /* Info.plist */ = {isa = PBXFileReference; lastKnownFileType = text.plist.xml; path = Info.plist; sourceTree = "<group>"; };
		7658C35E1A58D01D0062C946 /* HappyChengyuTests.m */ = {isa = PBXFileReference; lastKnownFileType = sourcecode.c.objc; path = HappyChengyuTests.m; sourceTree = "<group>"; };
		7658C3701A58F0380062C946 /* ChengyuHelper.h */ = {isa = PBXFileReference; fileEncoding = 4; lastKnownFileType = sourcecode.c.h; name = ChengyuHelper.h; path = HappyChengyu/ChengyuHelper.h; sourceTree = "<group>"; };
		7658C3711A58F0380062C946 /* ChengyuHelper.m */ = {isa = PBXFileReference; fileEncoding = 4; lastKnownFileType = sourcecode.c.objc; name = ChengyuHelper.m; path = HappyChengyu/ChengyuHelper.m; sourceTree = "<group>"; };
		766F4ED01A5A7E8B002FB3FF /* test.json */ = {isa = PBXFileReference; fileEncoding = 4; lastKnownFileType = text.json; path = test.json; sourceTree = "<group>"; };
		768189161A60048A008DD226 /* FavoritesHelper.h */ = {isa = PBXFileReference; fileEncoding = 4; lastKnownFileType = sourcecode.c.h; name = FavoritesHelper.h; path = HappyChengyu/FavoritesHelper.h; sourceTree = "<group>"; };
		768189171A60048A008DD226 /* FavoritesHelper.m */ = {isa = PBXFileReference; fileEncoding = 4; lastKnownFileType = sourcecode.c.objc; name = FavoritesHelper.m; path = HappyChengyu/FavoritesHelper.m; sourceTree = "<group>"; };
		76DBF6DD1A5E72D0009543E4 /* ResultViewController.h */ = {isa = PBXFileReference; fileEncoding = 4; lastKnownFileType = sourcecode.c.h; path = ResultViewController.h; sourceTree = "<group>"; };
		76DBF6DE1A5E72D0009543E4 /* ResultViewController.m */ = {isa = PBXFileReference; fileEncoding = 4; lastKnownFileType = sourcecode.c.objc; path = ResultViewController.m; sourceTree = "<group>"; };
		76DECBB91A5ECB1000124AF4 /* FavoritesViewController.h */ = {isa = PBXFileReference; fileEncoding = 4; lastKnownFileType = sourcecode.c.h; path = FavoritesViewController.h; sourceTree = "<group>"; };
		76DECBBA1A5ECB1000124AF4 /* FavoritesViewController.m */ = {isa = PBXFileReference; fileEncoding = 4; lastKnownFileType = sourcecode.c.objc; path = FavoritesViewController.m; sourceTree = "<group>"; };
		D64B6ED411EC69097BCFD0FF /* Pods-HappyChengyu.debug.xcconfig */ = {isa = PBXFileReference; includeInIndex = 1; lastKnownFileType = text.xcconfig; name = "Pods-HappyChengyu.debug.xcconfig"; path = "Pods/Target Support Files/Pods-HappyChengyu/Pods-HappyChengyu.debug.xcconfig"; sourceTree = "<group>"; };
/* End PBXFileReference section */

/* Begin PBXFrameworksBuildPhase section */
		7658C33C1A58D01D0062C946 /* Frameworks */ = {
			isa = PBXFrameworksBuildPhase;
			buildActionMask = 2147483647;
			files = (
				232032561813581BC85534D2 /* libPods-HappyChengyu.a in Frameworks */,
			);
			runOnlyForDeploymentPostprocessing = 0;
		};
		7658C3551A58D01D0062C946 /* Frameworks */ = {
			isa = PBXFrameworksBuildPhase;
			buildActionMask = 2147483647;
			files = (
			);
			runOnlyForDeploymentPostprocessing = 0;
		};
/* End PBXFrameworksBuildPhase section */

/* Begin PBXGroup section */
		028481FE6F9DFE32AE5D4CA2 /* Frameworks */ = {
			isa = PBXGroup;
			children = (
				1D05E294BE556E10B24FEECB /* libPods-HappyChengyu.a */,
			);
			name = Frameworks;
			sourceTree = "<group>";
		};
		760D65791A5D035400232953 /* UI */ = {
			isa = PBXGroup;
			children = (
				760D65851A5D0D7200232953 /* LetterCell.h */,
				760D65861A5D0D7200232953 /* LetterCell.m */,
				760D658A1A5D23E800232953 /* CharacterCell.h */,
				760D658B1A5D23E800232953 /* CharacterCell.m */,
			);
			name = UI;
			sourceTree = "<group>";
		};
		761B5FEF1A5FB2B6003BDE01 /* Encyclopedia */ = {
			isa = PBXGroup;
			children = (
				760D65701A5CC5BA00232953 /* ChengyuSelectViewController.h */,
				760D65711A5CC5BA00232953 /* ChengyuSelectViewController.m */,
				760D65731A5CFC7E00232953 /* CharacterSelectViewController.h */,
				760D65741A5CFC7E00232953 /* CharacterSelectViewController.m */,
				760D65801A5D0A8A00232953 /* LetterSelectViewController.h */,
				760D65811A5D0A8A00232953 /* LetterSelectViewController.m */,
			);
			name = Encyclopedia;
			sourceTree = "<group>";
		};
		7658C3361A58D01D0062C946 = {
			isa = PBXGroup;
			children = (
				7658C3411A58D01D0062C946 /* HappyChengyu */,
				7658C35B1A58D01D0062C946 /* HappyChengyuTests */,
				7658C3401A58D01D0062C946 /* Products */,
				F2210E4AFAE34295220D4909 /* Pods */,
				028481FE6F9DFE32AE5D4CA2 /* Frameworks */,
			);
			sourceTree = "<group>";
		};
		7658C3401A58D01D0062C946 /* Products */ = {
			isa = PBXGroup;
			children = (
				7658C33F1A58D01D0062C946 /* HappyChengyu.app */,
				7658C3581A58D01D0062C946 /* HappyChengyuTests.xctest */,
			);
			name = Products;
			sourceTree = "<group>";
		};
		7658C3411A58D01D0062C946 /* HappyChengyu */ = {
			isa = PBXGroup;
			children = (
				760D65791A5D035400232953 /* UI */,
				766F4ED01A5A7E8B002FB3FF /* test.json */,
				763D18FE1A59926D00A3B3A5 /* chengyu.json */,
				7658C3691A58EBFE0062C946 /* Controllers */,
				7658C3681A58EBDB0062C946 /* Models */,
				7658C34C1A58D01D0062C946 /* Main.storyboard */,
				7658C3511A58D01D0062C946 /* LaunchScreen.xib */,
				7658C34F1A58D01D0062C946 /* Images.xcassets */,
				7658C3421A58D01D0062C946 /* Supporting Files */,
			);
			path = HappyChengyu;
			sourceTree = "<group>";
		};
		7658C3421A58D01D0062C946 /* Supporting Files */ = {
			isa = PBXGroup;
			children = (
				7658C3461A58D01D0062C946 /* AppDelegate.h */,
				7658C3471A58D01D0062C946 /* AppDelegate.m */,
				7658C3431A58D01D0062C946 /* Info.plist */,
				7658C3441A58D01D0062C946 /* main.m */,
			);
			name = "Supporting Files";
			sourceTree = "<group>";
		};
		7658C35B1A58D01D0062C946 /* HappyChengyuTests */ = {
			isa = PBXGroup;
			children = (
				7658C35E1A58D01D0062C946 /* HappyChengyuTests.m */,
				7658C35C1A58D01D0062C946 /* Supporting Files */,
			);
			path = HappyChengyuTests;
			sourceTree = "<group>";
		};
		7658C35C1A58D01D0062C946 /* Supporting Files */ = {
			isa = PBXGroup;
			children = (
				7658C35D1A58D01D0062C946 /* Info.plist */,
			);
			name = "Supporting Files";
			sourceTree = "<group>";
		};
		7658C3681A58EBDB0062C946 /* Models */ = {
			isa = PBXGroup;
			children = (
				768189161A60048A008DD226 /* FavoritesHelper.h */,
				768189171A60048A008DD226 /* FavoritesHelper.m */,
				7658C3701A58F0380062C946 /* ChengyuHelper.h */,
				7658C3711A58F0380062C946 /* ChengyuHelper.m */,
				763D18E01A59479A00A3B3A5 /* Chengyu.h */,
				763D18E11A59479A00A3B3A5 /* Chengyu.m */,
			);
			name = Models;
			path = ..;
			sourceTree = "<group>";
		};
		7658C3691A58EBFE0062C946 /* Controllers */ = {
			isa = PBXGroup;
			children = (
				761B5FF01A5FB341003BDE01 /* SettingsViewController.h */,
				761B5FF11A5FB341003BDE01 /* SettingsViewController.m */,
				761B5FEF1A5FB2B6003BDE01 /* Encyclopedia */,
				7658C3491A58D01D0062C946 /* AnswerViewController.h */,
				7658C34A1A58D01D0062C946 /* AnswerViewController.m */,
				760D65761A5CFCE100232953 /* ChengyuDetailViewController.h */,
				760D65771A5CFCE100232953 /* ChengyuDetailViewController.m */,
				762AAED51A5E1D1900EF6804 /* MainViewController.h */,
				762AAED61A5E1D1900EF6804 /* MainViewController.m */,
				76DBF6DD1A5E72D0009543E4 /* ResultViewController.h */,
				76DBF6DE1A5E72D0009543E4 /* ResultViewController.m */,
				76DECBB91A5ECB1000124AF4 /* FavoritesViewController.h */,
				76DECBBA1A5ECB1000124AF4 /* FavoritesViewController.m */,
			);
			name = Controllers;
			sourceTree = "<group>";
		};
		F2210E4AFAE34295220D4909 /* Pods */ = {
			isa = PBXGroup;
			children = (
				D64B6ED411EC69097BCFD0FF /* Pods-HappyChengyu.debug.xcconfig */,
				313EA5ED9F43FAE07D308963 /* Pods-HappyChengyu.release.xcconfig */,
			);
			name = Pods;
			sourceTree = "<group>";
		};
/* End PBXGroup section */

/* Begin PBXNativeTarget section */
		7658C33E1A58D01D0062C946 /* HappyChengyu */ = {
			isa = PBXNativeTarget;
			buildConfigurationList = 7658C3621A58D01D0062C946 /* Build configuration list for PBXNativeTarget "HappyChengyu" */;
			buildPhases = (
				F62E7BFBE0285C2553BEA36D /* Check Pods Manifest.lock */,
				7658C33B1A58D01D0062C946 /* Sources */,
				7658C33C1A58D01D0062C946 /* Frameworks */,
				7658C33D1A58D01D0062C946 /* Resources */,
				7758CAD833A9FE3AA7F21552 /* Copy Pods Resources */,
			);
			buildRules = (
			);
			dependencies = (
			);
			name = HappyChengyu;
			productName = HappyChengyu;
			productReference = 7658C33F1A58D01D0062C946 /* HappyChengyu.app */;
			productType = "com.apple.product-type.application";
		};
		7658C3571A58D01D0062C946 /* HappyChengyuTests */ = {
			isa = PBXNativeTarget;
			buildConfigurationList = 7658C3651A58D01D0062C946 /* Build configuration list for PBXNativeTarget "HappyChengyuTests" */;
			buildPhases = (
				7658C3541A58D01D0062C946 /* Sources */,
				7658C3551A58D01D0062C946 /* Frameworks */,
				7658C3561A58D01D0062C946 /* Resources */,
			);
			buildRules = (
			);
			dependencies = (
				7658C35A1A58D01D0062C946 /* PBXTargetDependency */,
			);
			name = HappyChengyuTests;
			productName = HappyChengyuTests;
			productReference = 7658C3581A58D01D0062C946 /* HappyChengyuTests.xctest */;
			productType = "com.apple.product-type.bundle.unit-test";
		};
/* End PBXNativeTarget section */

/* Begin PBXProject section */
		7658C3371A58D01D0062C946 /* Project object */ = {
			isa = PBXProject;
			attributes = {
				LastUpgradeCheck = 0610;
				ORGANIZATIONNAME = "AN Dong";
				TargetAttributes = {
					7658C33E1A58D01D0062C946 = {
						CreatedOnToolsVersion = 6.1.1;
					};
					7658C3571A58D01D0062C946 = {
						CreatedOnToolsVersion = 6.1.1;
						TestTargetID = 7658C33E1A58D01D0062C946;
					};
				};
			};
			buildConfigurationList = 7658C33A1A58D01D0062C946 /* Build configuration list for PBXProject "HappyChengyu" */;
			compatibilityVersion = "Xcode 3.2";
			developmentRegion = English;
			hasScannedForEncodings = 0;
			knownRegions = (
				en,
				Base,
			);
			mainGroup = 7658C3361A58D01D0062C946;
			productRefGroup = 7658C3401A58D01D0062C946 /* Products */;
			projectDirPath = "";
			projectRoot = "";
			targets = (
				7658C33E1A58D01D0062C946 /* HappyChengyu */,
				7658C3571A58D01D0062C946 /* HappyChengyuTests */,
			);
		};
/* End PBXProject section */

/* Begin PBXResourcesBuildPhase section */
		7658C33D1A58D01D0062C946 /* Resources */ = {
			isa = PBXResourcesBuildPhase;
			buildActionMask = 2147483647;
			files = (
				7658C34E1A58D01D0062C946 /* Main.storyboard in Resources */,
				7658C3531A58D01D0062C946 /* LaunchScreen.xib in Resources */,
				766F4ED11A5A7E8B002FB3FF /* test.json in Resources */,
				7658C3501A58D01D0062C946 /* Images.xcassets in Resources */,
				763D18FF1A59926D00A3B3A5 /* chengyu.json in Resources */,
			);
			runOnlyForDeploymentPostprocessing = 0;
		};
		7658C3561A58D01D0062C946 /* Resources */ = {
			isa = PBXResourcesBuildPhase;
			buildActionMask = 2147483647;
			files = (
			);
			runOnlyForDeploymentPostprocessing = 0;
		};
/* End PBXResourcesBuildPhase section */

/* Begin PBXShellScriptBuildPhase section */
		7758CAD833A9FE3AA7F21552 /* Copy Pods Resources */ = {
			isa = PBXShellScriptBuildPhase;
			buildActionMask = 2147483647;
			files = (
			);
			inputPaths = (
			);
			name = "Copy Pods Resources";
			outputPaths = (
			);
			runOnlyForDeploymentPostprocessing = 0;
			shellPath = /bin/sh;
			shellScript = "\"${SRCROOT}/Pods/Target Support Files/Pods-HappyChengyu/Pods-HappyChengyu-resources.sh\"\n";
			showEnvVarsInLog = 0;
		};
		F62E7BFBE0285C2553BEA36D /* Check Pods Manifest.lock */ = {
			isa = PBXShellScriptBuildPhase;
			buildActionMask = 2147483647;
			files = (
			);
			inputPaths = (
			);
			name = "Check Pods Manifest.lock";
			outputPaths = (
			);
			runOnlyForDeploymentPostprocessing = 0;
			shellPath = /bin/sh;
			shellScript = "diff \"${PODS_ROOT}/../Podfile.lock\" \"${PODS_ROOT}/Manifest.lock\" > /dev/null\nif [[ $? != 0 ]] ; then\n    cat << EOM\nerror: The sandbox is not in sync with the Podfile.lock. Run 'pod install' or update your CocoaPods installation.\nEOM\n    exit 1\nfi\n";
			showEnvVarsInLog = 0;
		};
/* End PBXShellScriptBuildPhase section */

/* Begin PBXSourcesBuildPhase section */
		7658C33B1A58D01D0062C946 /* Sources */ = {
			isa = PBXSourcesBuildPhase;
			buildActionMask = 2147483647;
			files = (
				760D65751A5CFC7E00232953 /* CharacterSelectViewController.m in Sources */,
				763D18E21A59479A00A3B3A5 /* Chengyu.m in Sources */,
				76DECBBB1A5ECB1000124AF4 /* FavoritesViewController.m in Sources */,
				761B5FF21A5FB341003BDE01 /* SettingsViewController.m in Sources */,
				760D658C1A5D23E800232953 /* CharacterCell.m in Sources */,
				7658C34B1A58D01D0062C946 /* AnswerViewController.m in Sources */,
				7658C3481A58D01D0062C946 /* AppDelegate.m in Sources */,
				7658C3451A58D01D0062C946 /* main.m in Sources */,
				760D65781A5CFCE100232953 /* ChengyuDetailViewController.m in Sources */,
				762AAED71A5E1D1900EF6804 /* MainViewController.m in Sources */,
				760D65821A5D0A8A00232953 /* LetterSelectViewController.m in Sources */,
				760D65721A5CC5BA00232953 /* ChengyuSelectViewController.m in Sources */,
				7658C3721A58F0380062C946 /* ChengyuHelper.m in Sources */,
				760D65881A5D0D7200232953 /* LetterCell.m in Sources */,
				76DBF6DF1A5E72D0009543E4 /* ResultViewController.m in Sources */,
				768189181A60048A008DD226 /* FavoritesHelper.m in Sources */,
			);
			runOnlyForDeploymentPostprocessing = 0;
		};
		7658C3541A58D01D0062C946 /* Sources */ = {
			isa = PBXSourcesBuildPhase;
			buildActionMask = 2147483647;
			files = (
				7658C35F1A58D01D0062C946 /* HappyChengyuTests.m in Sources */,
			);
			runOnlyForDeploymentPostprocessing = 0;
		};
/* End PBXSourcesBuildPhase section */

/* Begin PBXTargetDependency section */
		7658C35A1A58D01D0062C946 /* PBXTargetDependency */ = {
			isa = PBXTargetDependency;
			target = 7658C33E1A58D01D0062C946 /* HappyChengyu */;
			targetProxy = 7658C3591A58D01D0062C946 /* PBXContainerItemProxy */;
		};
/* End PBXTargetDependency section */

/* Begin PBXVariantGroup section */
		7658C34C1A58D01D0062C946 /* Main.storyboard */ = {
			isa = PBXVariantGroup;
			children = (
				7658C34D1A58D01D0062C946 /* Base */,
			);
			name = Main.storyboard;
			sourceTree = "<group>";
		};
		7658C3511A58D01D0062C946 /* LaunchScreen.xib */ = {
			isa = PBXVariantGroup;
			children = (
				7658C3521A58D01D0062C946 /* Base */,
			);
			name = LaunchScreen.xib;
			sourceTree = "<group>";
		};
/* End PBXVariantGroup section */

/* Begin XCBuildConfiguration section */
		7658C3601A58D01D0062C946 /* Debug */ = {
			isa = XCBuildConfiguration;
			buildSettings = {
				ALWAYS_SEARCH_USER_PATHS = NO;
				CLANG_CXX_LANGUAGE_STANDARD = "gnu++0x";
				CLANG_CXX_LIBRARY = "libc++";
				CLANG_ENABLE_MODULES = YES;
				CLANG_ENABLE_OBJC_ARC = YES;
				CLANG_WARN_BOOL_CONVERSION = YES;
				CLANG_WARN_CONSTANT_CONVERSION = YES;
				CLANG_WARN_DIRECT_OBJC_ISA_USAGE = YES_ERROR;
				CLANG_WARN_EMPTY_BODY = YES;
				CLANG_WARN_ENUM_CONVERSION = YES;
				CLANG_WARN_INT_CONVERSION = YES;
				CLANG_WARN_OBJC_ROOT_CLASS = YES_ERROR;
				CLANG_WARN_UNREACHABLE_CODE = YES;
				CLANG_WARN__DUPLICATE_METHOD_MATCH = YES;
				"CODE_SIGN_IDENTITY[sdk=iphoneos*]" = "iPhone Developer";
				COPY_PHASE_STRIP = NO;
				ENABLE_STRICT_OBJC_MSGSEND = YES;
				GCC_C_LANGUAGE_STANDARD = gnu99;
				GCC_DYNAMIC_NO_PIC = NO;
				GCC_OPTIMIZATION_LEVEL = 0;
				GCC_PREPROCESSOR_DEFINITIONS = (
					"DEBUG=1",
					"$(inherited)",
				);
				GCC_SYMBOLS_PRIVATE_EXTERN = NO;
				GCC_WARN_64_TO_32_BIT_CONVERSION = YES;
				GCC_WARN_ABOUT_RETURN_TYPE = YES_ERROR;
				GCC_WARN_UNDECLARED_SELECTOR = YES;
				GCC_WARN_UNINITIALIZED_AUTOS = YES_AGGRESSIVE;
				GCC_WARN_UNUSED_FUNCTION = YES;
				GCC_WARN_UNUSED_VARIABLE = YES;
				IPHONEOS_DEPLOYMENT_TARGET = 8.1;
				MTL_ENABLE_DEBUG_INFO = YES;
				ONLY_ACTIVE_ARCH = YES;
				SDKROOT = iphoneos;
			};
			name = Debug;
		};
		7658C3611A58D01D0062C946 /* Release */ = {
			isa = XCBuildConfiguration;
			buildSettings = {
				ALWAYS_SEARCH_USER_PATHS = NO;
				CLANG_CXX_LANGUAGE_STANDARD = "gnu++0x";
				CLANG_CXX_LIBRARY = "libc++";
				CLANG_ENABLE_MODULES = YES;
				CLANG_ENABLE_OBJC_ARC = YES;
				CLANG_WARN_BOOL_CONVERSION = YES;
				CLANG_WARN_CONSTANT_CONVERSION = YES;
				CLANG_WARN_DIRECT_OBJC_ISA_USAGE = YES_ERROR;
				CLANG_WARN_EMPTY_BODY = YES;
				CLANG_WARN_ENUM_CONVERSION = YES;
				CLANG_WARN_INT_CONVERSION = YES;
				CLANG_WARN_OBJC_ROOT_CLASS = YES_ERROR;
				CLANG_WARN_UNREACHABLE_CODE = YES;
				CLANG_WARN__DUPLICATE_METHOD_MATCH = YES;
				"CODE_SIGN_IDENTITY[sdk=iphoneos*]" = "iPhone Developer";
				COPY_PHASE_STRIP = YES;
				ENABLE_NS_ASSERTIONS = NO;
				ENABLE_STRICT_OBJC_MSGSEND = YES;
				GCC_C_LANGUAGE_STANDARD = gnu99;
				GCC_WARN_64_TO_32_BIT_CONVERSION = YES;
				GCC_WARN_ABOUT_RETURN_TYPE = YES_ERROR;
				GCC_WARN_UNDECLARED_SELECTOR = YES;
				GCC_WARN_UNINITIALIZED_AUTOS = YES_AGGRESSIVE;
				GCC_WARN_UNUSED_FUNCTION = YES;
				GCC_WARN_UNUSED_VARIABLE = YES;
				IPHONEOS_DEPLOYMENT_TARGET = 8.1;
				MTL_ENABLE_DEBUG_INFO = NO;
				SDKROOT = iphoneos;
				VALIDATE_PRODUCT = YES;
			};
			name = Release;
		};
		7658C3631A58D01D0062C946 /* Debug */ = {
			isa = XCBuildConfiguration;
			baseConfigurationReference = D64B6ED411EC69097BCFD0FF /* Pods-HappyChengyu.debug.xcconfig */;
			buildSettings = {
				ASSETCATALOG_COMPILER_APPICON_NAME = AppIcon;
				INFOPLIST_FILE = HappyChengyu/Info.plist;
				IPHONEOS_DEPLOYMENT_TARGET = 7.0;
				LD_RUNPATH_SEARCH_PATHS = "$(inherited) @executable_path/Frameworks";
				PRODUCT_NAME = "$(TARGET_NAME)";
			};
			name = Debug;
		};
		7658C3641A58D01D0062C946 /* Release */ = {
			isa = XCBuildConfiguration;
			baseConfigurationReference = 313EA5ED9F43FAE07D308963 /* Pods-HappyChengyu.release.xcconfig */;
			buildSettings = {
				ASSETCATALOG_COMPILER_APPICON_NAME = AppIcon;
				INFOPLIST_FILE = HappyChengyu/Info.plist;
				IPHONEOS_DEPLOYMENT_TARGET = 7.0;
				LD_RUNPATH_SEARCH_PATHS = "$(inherited) @executable_path/Frameworks";
				PRODUCT_NAME = "$(TARGET_NAME)";
			};
			name = Release;
		};
		7658C3661A58D01D0062C946 /* Debug */ = {
			isa = XCBuildConfiguration;
			buildSettings = {
				BUNDLE_LOADER = "$(TEST_HOST)";
				FRAMEWORK_SEARCH_PATHS = (
					"$(SDKROOT)/Developer/Library/Frameworks",
					"$(inherited)",
				);
				GCC_PREPROCESSOR_DEFINITIONS = (
					"DEBUG=1",
					"$(inherited)",
				);
				INFOPLIST_FILE = HappyChengyuTests/Info.plist;
				LD_RUNPATH_SEARCH_PATHS = "$(inherited) @executable_path/Frameworks @loader_path/Frameworks";
				PRODUCT_NAME = "$(TARGET_NAME)";
				TEST_HOST = "$(BUILT_PRODUCTS_DIR)/HappyChengyu.app/HappyChengyu";
			};
			name = Debug;
		};
		7658C3671A58D01D0062C946 /* Release */ = {
			isa = XCBuildConfiguration;
			buildSettings = {
				BUNDLE_LOADER = "$(TEST_HOST)";
				FRAMEWORK_SEARCH_PATHS = (
					"$(SDKROOT)/Developer/Library/Frameworks",
					"$(inherited)",
				);
				INFOPLIST_FILE = HappyChengyuTests/Info.plist;
				LD_RUNPATH_SEARCH_PATHS = "$(inherited) @executable_path/Frameworks @loader_path/Frameworks";
				PRODUCT_NAME = "$(TARGET_NAME)";
				TEST_HOST = "$(BUILT_PRODUCTS_DIR)/HappyChengyu.app/HappyChengyu";
			};
			name = Release;
		};
/* End XCBuildConfiguration section */

/* Begin XCConfigurationList section */
		7658C33A1A58D01D0062C946 /* Build configuration list for PBXProject "HappyChengyu" */ = {
			isa = XCConfigurationList;
			buildConfigurations = (
				7658C3601A58D01D0062C946 /* Debug */,
				7658C3611A58D01D0062C946 /* Release */,
			);
			defaultConfigurationIsVisible = 0;
			defaultConfigurationName = Release;
		};
		7658C3621A58D01D0062C946 /* Build configuration list for PBXNativeTarget "HappyChengyu" */ = {
			isa = XCConfigurationList;
			buildConfigurations = (
				7658C3631A58D01D0062C946 /* Debug */,
				7658C3641A58D01D0062C946 /* Release */,
			);
			defaultConfigurationIsVisible = 0;
			defaultConfigurationName = Release;
		};
		7658C3651A58D01D0062C946 /* Build configuration list for PBXNativeTarget "HappyChengyuTests" */ = {
			isa = XCConfigurationList;
			buildConfigurations = (
				7658C3661A58D01D0062C946 /* Debug */,
				7658C3671A58D01D0062C946 /* Release */,
			);
			defaultConfigurationIsVisible = 0;
			defaultConfigurationName = Release;
		};
/* End XCConfigurationList section */
	};
	rootObject = 7658C3371A58D01D0062C946 /* Project object */;
}
